
Microsoft Visual Studio Solution File, Format Version 12.00
# Visual Studio 15
VisualStudioVersion = 15.0.26430.12
MinimumVisualStudioVersion = 10.0.40219.1
Project("{2150E333-8FDC-42A3-9474-1A3956D46DE8}") = "1. Instrastructure", "1. Instrastructure", "{CC2067D7-1971-47BB-B491-5649EA3C18B2}"
EndProject
Project("{2150E333-8FDC-42A3-9474-1A3956D46DE8}") = "2. Repositories", "2. Repositories", "{BF745453-B940-470E-81BC-43FB67703D4E}"
EndProject
Project("{2150E333-8FDC-42A3-9474-1A3956D46DE8}") = "Solution items", "Solution items", "{6CA74DE0-A357-4934-9D8B-FEA3F0A2D690}"
	ProjectSection(SolutionItems) = preProject
		.gitignore = .gitignore
		README.md = README.md
	EndProjectSection
EndProject
Project("{2150E333-8FDC-42A3-9474-1A3956D46DE8}") = "3. Client", "3. Client", "{C9A2CFDE-EA32-4946-B679-7CE6EFA816B8}"
EndProject
Project("{2150E333-8FDC-42A3-9474-1A3956D46DE8}") = "4. Tests", "4. Tests", "{8F9036B1-5106-4C69-B2D2-B78EE52687A0}"
EndProject
Project("{FAE04EC0-301F-11D3-BF4B-00C04F79EFBC}") = "Lykke.Service.Decred.SignService.Core", "src\Lykke.Service.Decred.SignService.Core\Lykke.Service.Decred.SignService.Core.csproj", "{E1F9A5B8-D029-4964-A01D-7220F6062883}"
EndProject
Project("{FAE04EC0-301F-11D3-BF4B-00C04F79EFBC}") = "Lykke.Service.Decred.SignService.Services", "src\Lykke.Service.Decred.SignService.Services\Lykke.Service.Decred.SignService.Services.csproj", "{E19801D5-47D8-4C07-9A25-620352C0469E}"
EndProject
Project("{FAE04EC0-301F-11D3-BF4B-00C04F79EFBC}") = "Decred.Common", "..\lib\NDecred.Common\Decred.Common.csproj", "{B7CC934C-3735-411F-B391-D6FC6294E67A}"
EndProject
Project("{FAE04EC0-301F-11D3-BF4B-00C04F79EFBC}") = "Paymetheus.Decred", "..\lib\Paymetheus.Decred\Paymetheus.Decred.csproj", "{4F838E96-3D6F-4B95-9E44-4FFDF3C9FB48}"
EndProject
Project("{FAE04EC0-301F-11D3-BF4B-00C04F79EFBC}") = "Lykke.Service.Decred.SignService", "src\Lykke.Service.Decred.SignService\Lykke.Service.Decred.SignService.csproj", "{AB89F606-E993-4CAA-B327-B9E6288CAC3A}"
EndProject
Global
	GlobalSection(SolutionConfigurationPlatforms) = preSolution
		Debug|Any CPU = Debug|Any CPU
		Release|Any CPU = Release|Any CPU
	EndGlobalSection
	GlobalSection(ProjectConfigurationPlatforms) = postSolution
		{E1F9A5B8-D029-4964-A01D-7220F6062883}.Debug|Any CPU.ActiveCfg = Debug|Any CPU
		{E1F9A5B8-D029-4964-A01D-7220F6062883}.Debug|Any CPU.Build.0 = Debug|Any CPU
		{E1F9A5B8-D029-4964-A01D-7220F6062883}.Release|Any CPU.ActiveCfg = Release|Any CPU
		{E1F9A5B8-D029-4964-A01D-7220F6062883}.Release|Any CPU.Build.0 = Release|Any CPU
		{E19801D5-47D8-4C07-9A25-620352C0469E}.Debug|Any CPU.ActiveCfg = Debug|Any CPU
		{E19801D5-47D8-4C07-9A25-620352C0469E}.Debug|Any CPU.Build.0 = Debug|Any CPU
		{E19801D5-47D8-4C07-9A25-620352C0469E}.Release|Any CPU.ActiveCfg = Release|Any CPU
		{E19801D5-47D8-4C07-9A25-620352C0469E}.Release|Any CPU.Build.0 = Release|Any CPU
		{B7CC934C-3735-411F-B391-D6FC6294E67A}.Debug|Any CPU.ActiveCfg = Debug|Any CPU
		{B7CC934C-3735-411F-B391-D6FC6294E67A}.Debug|Any CPU.Build.0 = Debug|Any CPU
		{B7CC934C-3735-411F-B391-D6FC6294E67A}.Release|Any CPU.ActiveCfg = Release|Any CPU
		{B7CC934C-3735-411F-B391-D6FC6294E67A}.Release|Any CPU.Build.0 = Release|Any CPU
		{4F838E96-3D6F-4B95-9E44-4FFDF3C9FB48}.Debug|Any CPU.ActiveCfg = Debug|Any CPU
		{4F838E96-3D6F-4B95-9E44-4FFDF3C9FB48}.Debug|Any CPU.Build.0 = Debug|Any CPU
		{4F838E96-3D6F-4B95-9E44-4FFDF3C9FB48}.Release|Any CPU.ActiveCfg = Release|Any CPU
		{4F838E96-3D6F-4B95-9E44-4FFDF3C9FB48}.Release|Any CPU.Build.0 = Release|Any CPU
		{AB89F606-E993-4CAA-B327-B9E6288CAC3A}.Debug|Any CPU.ActiveCfg = Debug|Any CPU
		{AB89F606-E993-4CAA-B327-B9E6288CAC3A}.Debug|Any CPU.Build.0 = Debug|Any CPU
		{AB89F606-E993-4CAA-B327-B9E6288CAC3A}.Release|Any CPU.ActiveCfg = Release|Any CPU
		{AB89F606-E993-4CAA-B327-B9E6288CAC3A}.Release|Any CPU.Build.0 = Release|Any CPU
	EndGlobalSection
	GlobalSection(SolutionProperties) = preSolution
		HideSolutionNode = FALSE
	EndGlobalSection
	GlobalSection(NestedProjects) = preSolution
		{E1F9A5B8-D029-4964-A01D-7220F6062883} = {CC2067D7-1971-47BB-B491-5649EA3C18B2}
		{E19801D5-47D8-4C07-9A25-620352C0469E} = {CC2067D7-1971-47BB-B491-5649EA3C18B2}
		{B7CC934C-3735-411F-B391-D6FC6294E67A} = {CC2067D7-1971-47BB-B491-5649EA3C18B2}
		{4F838E96-3D6F-4B95-9E44-4FFDF3C9FB48} = {CC2067D7-1971-47BB-B491-5649EA3C18B2}
	EndGlobalSection
EndGlobal
