
Microsoft Visual Studio Solution File, Format Version 12.00
# Visual Studio 15
VisualStudioVersion = 15.0.26430.12
MinimumVisualStudioVersion = 10.0.40219.1
Project("{2150E333-8FDC-42A3-9474-1A3956D46DE8}") = "1. Instrastructure", "1. Instrastructure", "{CC2067D7-1971-47BB-B491-5649EA3C18B2}"
EndProject
Project("{2150E333-8FDC-42A3-9474-1A3956D46DE8}") = "2. Repositories", "2. Repositories", "{BF745453-B940-470E-81BC-43FB67703D4E}"
EndProject
Project("{2150E333-8FDC-42A3-9474-1A3956D46DE8}") = "Solution items", "Solution items", "{6CA74DE0-A357-4934-9D8B-FEA3F0A2D690}"
	ProjectSection(SolutionItems) = preProject
		.gitignore = .gitignore
		README.md = README.md
	EndProjectSection
EndProject
Project("{2150E333-8FDC-42A3-9474-1A3956D46DE8}") = "3. Client", "3. Client", "{C9A2CFDE-EA32-4946-B679-7CE6EFA816B8}"
EndProject
Project("{2150E333-8FDC-42A3-9474-1A3956D46DE8}") = "4. Tests", "4. Tests", "{8F9036B1-5106-4C69-B2D2-B78EE52687A0}"
EndProject
Project("{FAE04EC0-301F-11D3-BF4B-00C04F79EFBC}") = "Lykke.Service.Decred.Api.Services.Test", "tests\Lykke.Service.Decred.Api.Services.Test\Lykke.Service.Decred.Api.Services.Test.csproj", "{879FE766-A3E9-45E8-9DD6-56845AFDB03A}"
EndProject
Project("{FAE04EC0-301F-11D3-BF4B-00C04F79EFBC}") = "Lykke.Service.Decred.Api.Services", "src\Lykke.Service.Decred.Api.Services\Lykke.Service.Decred.Api.Services.csproj", "{42D5438D-7236-4546-BE74-BD1EBC51745C}"
EndProject
Project("{FAE04EC0-301F-11D3-BF4B-00C04F79EFBC}") = "Lykke.Service.Decred.Api.Common", "src\Lykke.Service.Decred.Api.Common\Lykke.Service.Decred.Api.Common.csproj", "{F6290815-D2C0-4AB4-AACE-ADA3E64ACA24}"
EndProject
Project("{FAE04EC0-301F-11D3-BF4B-00C04F79EFBC}") = "Lykke.Service.Decred.Api.Repository", "src\Lykke.Service.Decred.Api.Repository\Lykke.Service.Decred.Api.Repository.csproj", "{9E95048E-C0CD-4DAF-B00F-3E22BF6E2C81}"
EndProject
Project("{FAE04EC0-301F-11D3-BF4B-00C04F79EFBC}") = "Lykke.Service.Decred.Api", "src\Lykke.Service.Decred.Api\Lykke.Service.Decred.Api.csproj", "{7EA5F2DF-70E0-4622-805A-3CD0B2BFD81E}"
EndProject
Project("{FAE04EC0-301F-11D3-BF4B-00C04F79EFBC}") = "Paymetheus.Decred", "..\lib\Paymetheus.Decred\Paymetheus.Decred.csproj", "{72EB130F-0DA1-472F-8022-C637B36801BE}"
EndProject
Project("{FAE04EC0-301F-11D3-BF4B-00C04F79EFBC}") = "Decred.BlockExplorer", "..\lib\Decred.BlockExplorer\Decred.BlockExplorer.csproj", "{621E3109-186B-417C-9002-2E1DF0ED124A}"
EndProject
Project("{FAE04EC0-301F-11D3-BF4B-00C04F79EFBC}") = "Decred.Common", "..\lib\NDecred.Common\Decred.Common.csproj", "{671A26F8-42D9-41C2-BE54-415EAF5BA70D}"
EndProject
Project("{FAE04EC0-301F-11D3-BF4B-00C04F79EFBC}") = "DcrdClient", "..\lib\DcrdClient\DcrdClient.csproj", "{C83511EB-E5CC-41A5-8683-AF14D0223ADA}"
EndProject
Project("{FAE04EC0-301F-11D3-BF4B-00C04F79EFBC}") = "DcrdClient.Tests", "tests\DcrdClient.Tests\DcrdClient.Tests.csproj", "{7F694654-8533-4D9E-A5B2-72DD431CA920}"
EndProject
Global
	GlobalSection(SolutionConfigurationPlatforms) = preSolution
		Debug|Any CPU = Debug|Any CPU
		Release|Any CPU = Release|Any CPU
	EndGlobalSection
	GlobalSection(ProjectConfigurationPlatforms) = postSolution
		{879FE766-A3E9-45E8-9DD6-56845AFDB03A}.Debug|Any CPU.ActiveCfg = Debug|Any CPU
		{879FE766-A3E9-45E8-9DD6-56845AFDB03A}.Debug|Any CPU.Build.0 = Debug|Any CPU
		{879FE766-A3E9-45E8-9DD6-56845AFDB03A}.Release|Any CPU.ActiveCfg = Release|Any CPU
		{879FE766-A3E9-45E8-9DD6-56845AFDB03A}.Release|Any CPU.Build.0 = Release|Any CPU
		{42D5438D-7236-4546-BE74-BD1EBC51745C}.Debug|Any CPU.ActiveCfg = Debug|Any CPU
		{42D5438D-7236-4546-BE74-BD1EBC51745C}.Debug|Any CPU.Build.0 = Debug|Any CPU
		{42D5438D-7236-4546-BE74-BD1EBC51745C}.Release|Any CPU.ActiveCfg = Release|Any CPU
		{42D5438D-7236-4546-BE74-BD1EBC51745C}.Release|Any CPU.Build.0 = Release|Any CPU
		{F6290815-D2C0-4AB4-AACE-ADA3E64ACA24}.Debug|Any CPU.ActiveCfg = Debug|Any CPU
		{F6290815-D2C0-4AB4-AACE-ADA3E64ACA24}.Debug|Any CPU.Build.0 = Debug|Any CPU
		{F6290815-D2C0-4AB4-AACE-ADA3E64ACA24}.Release|Any CPU.ActiveCfg = Release|Any CPU
		{F6290815-D2C0-4AB4-AACE-ADA3E64ACA24}.Release|Any CPU.Build.0 = Release|Any CPU
		{9E95048E-C0CD-4DAF-B00F-3E22BF6E2C81}.Debug|Any CPU.ActiveCfg = Debug|Any CPU
		{9E95048E-C0CD-4DAF-B00F-3E22BF6E2C81}.Debug|Any CPU.Build.0 = Debug|Any CPU
		{9E95048E-C0CD-4DAF-B00F-3E22BF6E2C81}.Release|Any CPU.ActiveCfg = Release|Any CPU
		{9E95048E-C0CD-4DAF-B00F-3E22BF6E2C81}.Release|Any CPU.Build.0 = Release|Any CPU
		{7EA5F2DF-70E0-4622-805A-3CD0B2BFD81E}.Debug|Any CPU.ActiveCfg = Debug|Any CPU
		{7EA5F2DF-70E0-4622-805A-3CD0B2BFD81E}.Debug|Any CPU.Build.0 = Debug|Any CPU
		{7EA5F2DF-70E0-4622-805A-3CD0B2BFD81E}.Release|Any CPU.ActiveCfg = Release|Any CPU
		{7EA5F2DF-70E0-4622-805A-3CD0B2BFD81E}.Release|Any CPU.Build.0 = Release|Any CPU
		{72EB130F-0DA1-472F-8022-C637B36801BE}.Debug|Any CPU.ActiveCfg = Debug|Any CPU
		{72EB130F-0DA1-472F-8022-C637B36801BE}.Debug|Any CPU.Build.0 = Debug|Any CPU
		{72EB130F-0DA1-472F-8022-C637B36801BE}.Release|Any CPU.ActiveCfg = Release|Any CPU
		{72EB130F-0DA1-472F-8022-C637B36801BE}.Release|Any CPU.Build.0 = Release|Any CPU
		{621E3109-186B-417C-9002-2E1DF0ED124A}.Debug|Any CPU.ActiveCfg = Debug|Any CPU
		{621E3109-186B-417C-9002-2E1DF0ED124A}.Debug|Any CPU.Build.0 = Debug|Any CPU
		{621E3109-186B-417C-9002-2E1DF0ED124A}.Release|Any CPU.ActiveCfg = Release|Any CPU
		{621E3109-186B-417C-9002-2E1DF0ED124A}.Release|Any CPU.Build.0 = Release|Any CPU
		{671A26F8-42D9-41C2-BE54-415EAF5BA70D}.Debug|Any CPU.ActiveCfg = Debug|Any CPU
		{671A26F8-42D9-41C2-BE54-415EAF5BA70D}.Debug|Any CPU.Build.0 = Debug|Any CPU
		{671A26F8-42D9-41C2-BE54-415EAF5BA70D}.Release|Any CPU.ActiveCfg = Release|Any CPU
		{671A26F8-42D9-41C2-BE54-415EAF5BA70D}.Release|Any CPU.Build.0 = Release|Any CPU
		{C83511EB-E5CC-41A5-8683-AF14D0223ADA}.Debug|Any CPU.ActiveCfg = Debug|Any CPU
		{C83511EB-E5CC-41A5-8683-AF14D0223ADA}.Debug|Any CPU.Build.0 = Debug|Any CPU
		{C83511EB-E5CC-41A5-8683-AF14D0223ADA}.Release|Any CPU.ActiveCfg = Release|Any CPU
		{C83511EB-E5CC-41A5-8683-AF14D0223ADA}.Release|Any CPU.Build.0 = Release|Any CPU
		{7F694654-8533-4D9E-A5B2-72DD431CA920}.Debug|Any CPU.ActiveCfg = Debug|Any CPU
		{7F694654-8533-4D9E-A5B2-72DD431CA920}.Debug|Any CPU.Build.0 = Debug|Any CPU
	EndGlobalSection
	GlobalSection(SolutionProperties) = preSolution
		HideSolutionNode = FALSE
	EndGlobalSection
	GlobalSection(NestedProjects) = preSolution
		{879FE766-A3E9-45E8-9DD6-56845AFDB03A} = {8F9036B1-5106-4C69-B2D2-B78EE52687A0}
		{42D5438D-7236-4546-BE74-BD1EBC51745C} = {CC2067D7-1971-47BB-B491-5649EA3C18B2}
		{F6290815-D2C0-4AB4-AACE-ADA3E64ACA24} = {CC2067D7-1971-47BB-B491-5649EA3C18B2}
		{9E95048E-C0CD-4DAF-B00F-3E22BF6E2C81} = {BF745453-B940-470E-81BC-43FB67703D4E}
		{72EB130F-0DA1-472F-8022-C637B36801BE} = {CC2067D7-1971-47BB-B491-5649EA3C18B2}
		{621E3109-186B-417C-9002-2E1DF0ED124A} = {BF745453-B940-470E-81BC-43FB67703D4E}
		{671A26F8-42D9-41C2-BE54-415EAF5BA70D} = {CC2067D7-1971-47BB-B491-5649EA3C18B2}
		{C83511EB-E5CC-41A5-8683-AF14D0223ADA} = {CC2067D7-1971-47BB-B491-5649EA3C18B2}
		{7F694654-8533-4D9E-A5B2-72DD431CA920} = {8F9036B1-5106-4C69-B2D2-B78EE52687A0}
	EndGlobalSection
EndGlobal
