
Microsoft Visual Studio Solution File, Format Version 12.00
# Visual Studio 15
VisualStudioVersion = 15.0.26430.12
MinimumVisualStudioVersion = 10.0.40219.1
Project("{2150E333-8FDC-42A3-9474-1A3956D46DE8}") = "1. Instrastructure", "1. Instrastructure", "{CC2067D7-1971-47BB-B491-5649EA3C18B2}"
EndProject
Project("{2150E333-8FDC-42A3-9474-1A3956D46DE8}") = "2. Repositories", "2. Repositories", "{BF745453-B940-470E-81BC-43FB67703D4E}"
EndProject
Project("{2150E333-8FDC-42A3-9474-1A3956D46DE8}") = "Solution items", "Solution items", "{6CA74DE0-A357-4934-9D8B-FEA3F0A2D690}"
	ProjectSection(SolutionItems) = preProject
		.gitignore = .gitignore
		README.md = README.md
	EndProjectSection
EndProject
Project("{2150E333-8FDC-42A3-9474-1A3956D46DE8}") = "3. Client", "3. Client", "{C9A2CFDE-EA32-4946-B679-7CE6EFA816B8}"
EndProject
Project("{2150E333-8FDC-42A3-9474-1A3956D46DE8}") = "4. Tests", "4. Tests", "{8F9036B1-5106-4C69-B2D2-B78EE52687A0}"
EndProject
Project("{FAE04EC0-301F-11D3-BF4B-00C04F79EFBC}") = "Decred.BlockExplorer.Tests", "tests\Decred.BlockExplorer.Tests\Decred.BlockExplorer.Tests.csproj", "{ADB6ABC7-8778-431B-92CE-7B95FD9E4A6A}"
EndProject
Project("{FAE04EC0-301F-11D3-BF4B-00C04F79EFBC}") = "Lykke.Service.Decred.Api.Services.Test", "tests\Lykke.Service.Decred.Api.Services.Test\Lykke.Service.Decred.Api.Services.Test.csproj", "{879FE766-A3E9-45E8-9DD6-56845AFDB03A}"
EndProject
Project("{FAE04EC0-301F-11D3-BF4B-00C04F79EFBC}") = "Paymetheus.Decred", "src\Paymetheus.Decred\Paymetheus.Decred.csproj", "{02500294-426D-420B-A8EE-1BF718473B08}"
EndProject
Project("{FAE04EC0-301F-11D3-BF4B-00C04F79EFBC}") = "Lykke.Service.Decred.Api.Services", "src\Lykke.Service.Decred.Api.Services\Lykke.Service.Decred.Api.Services.csproj", "{42D5438D-7236-4546-BE74-BD1EBC51745C}"
EndProject
Project("{FAE04EC0-301F-11D3-BF4B-00C04F79EFBC}") = "Lykke.Service.Decred.Api.Common", "src\Lykke.Service.Decred.Api.Common\Lykke.Service.Decred.Api.Common.csproj", "{F6290815-D2C0-4AB4-AACE-ADA3E64ACA24}"
EndProject
Project("{FAE04EC0-301F-11D3-BF4B-00C04F79EFBC}") = "Lykke.Service.Decred.Api.Repository", "src\Lykke.Service.Decred.Api.Repository\Lykke.Service.Decred.Api.Repository.csproj", "{9E95048E-C0CD-4DAF-B00F-3E22BF6E2C81}"
EndProject
Project("{FAE04EC0-301F-11D3-BF4B-00C04F79EFBC}") = "Decred.BlockExplorer", "src\Decred.BlockExplorer\Decred.BlockExplorer.csproj", "{5D307C17-B5BA-4BAF-82D6-B9CC3CA7A911}"
EndProject
Project("{FAE04EC0-301F-11D3-BF4B-00C04F79EFBC}") = "Lykke.Service.Decred.Api", "src\Lykke.Service.Decred.Api\Lykke.Service.Decred.Api.csproj", "{7EA5F2DF-70E0-4622-805A-3CD0B2BFD81E}"
EndProject
Global
	GlobalSection(SolutionConfigurationPlatforms) = preSolution
		Debug|Any CPU = Debug|Any CPU
		Release|Any CPU = Release|Any CPU
	EndGlobalSection
	GlobalSection(ProjectConfigurationPlatforms) = postSolution
		{ADB6ABC7-8778-431B-92CE-7B95FD9E4A6A}.Debug|Any CPU.ActiveCfg = Debug|Any CPU
		{ADB6ABC7-8778-431B-92CE-7B95FD9E4A6A}.Debug|Any CPU.Build.0 = Debug|Any CPU
		{ADB6ABC7-8778-431B-92CE-7B95FD9E4A6A}.Release|Any CPU.ActiveCfg = Release|Any CPU
		{ADB6ABC7-8778-431B-92CE-7B95FD9E4A6A}.Release|Any CPU.Build.0 = Release|Any CPU
		{879FE766-A3E9-45E8-9DD6-56845AFDB03A}.Debug|Any CPU.ActiveCfg = Debug|Any CPU
		{879FE766-A3E9-45E8-9DD6-56845AFDB03A}.Debug|Any CPU.Build.0 = Debug|Any CPU
		{879FE766-A3E9-45E8-9DD6-56845AFDB03A}.Release|Any CPU.ActiveCfg = Release|Any CPU
		{879FE766-A3E9-45E8-9DD6-56845AFDB03A}.Release|Any CPU.Build.0 = Release|Any CPU
		{02500294-426D-420B-A8EE-1BF718473B08}.Debug|Any CPU.ActiveCfg = Debug|Any CPU
		{02500294-426D-420B-A8EE-1BF718473B08}.Debug|Any CPU.Build.0 = Debug|Any CPU
		{02500294-426D-420B-A8EE-1BF718473B08}.Release|Any CPU.ActiveCfg = Release|Any CPU
		{02500294-426D-420B-A8EE-1BF718473B08}.Release|Any CPU.Build.0 = Release|Any CPU
		{42D5438D-7236-4546-BE74-BD1EBC51745C}.Debug|Any CPU.ActiveCfg = Debug|Any CPU
		{42D5438D-7236-4546-BE74-BD1EBC51745C}.Debug|Any CPU.Build.0 = Debug|Any CPU
		{42D5438D-7236-4546-BE74-BD1EBC51745C}.Release|Any CPU.ActiveCfg = Release|Any CPU
		{42D5438D-7236-4546-BE74-BD1EBC51745C}.Release|Any CPU.Build.0 = Release|Any CPU
		{F6290815-D2C0-4AB4-AACE-ADA3E64ACA24}.Debug|Any CPU.ActiveCfg = Debug|Any CPU
		{F6290815-D2C0-4AB4-AACE-ADA3E64ACA24}.Debug|Any CPU.Build.0 = Debug|Any CPU
		{F6290815-D2C0-4AB4-AACE-ADA3E64ACA24}.Release|Any CPU.ActiveCfg = Release|Any CPU
		{F6290815-D2C0-4AB4-AACE-ADA3E64ACA24}.Release|Any CPU.Build.0 = Release|Any CPU
		{9E95048E-C0CD-4DAF-B00F-3E22BF6E2C81}.Debug|Any CPU.ActiveCfg = Debug|Any CPU
		{9E95048E-C0CD-4DAF-B00F-3E22BF6E2C81}.Debug|Any CPU.Build.0 = Debug|Any CPU
		{9E95048E-C0CD-4DAF-B00F-3E22BF6E2C81}.Release|Any CPU.ActiveCfg = Release|Any CPU
		{9E95048E-C0CD-4DAF-B00F-3E22BF6E2C81}.Release|Any CPU.Build.0 = Release|Any CPU
		{5D307C17-B5BA-4BAF-82D6-B9CC3CA7A911}.Debug|Any CPU.ActiveCfg = Debug|Any CPU
		{5D307C17-B5BA-4BAF-82D6-B9CC3CA7A911}.Debug|Any CPU.Build.0 = Debug|Any CPU
		{5D307C17-B5BA-4BAF-82D6-B9CC3CA7A911}.Release|Any CPU.ActiveCfg = Release|Any CPU
		{5D307C17-B5BA-4BAF-82D6-B9CC3CA7A911}.Release|Any CPU.Build.0 = Release|Any CPU
		{7EA5F2DF-70E0-4622-805A-3CD0B2BFD81E}.Debug|Any CPU.ActiveCfg = Debug|Any CPU
		{7EA5F2DF-70E0-4622-805A-3CD0B2BFD81E}.Debug|Any CPU.Build.0 = Debug|Any CPU
		{7EA5F2DF-70E0-4622-805A-3CD0B2BFD81E}.Release|Any CPU.ActiveCfg = Release|Any CPU
		{7EA5F2DF-70E0-4622-805A-3CD0B2BFD81E}.Release|Any CPU.Build.0 = Release|Any CPU
	EndGlobalSection
	GlobalSection(SolutionProperties) = preSolution
		HideSolutionNode = FALSE
	EndGlobalSection
	GlobalSection(NestedProjects) = preSolution
		{ADB6ABC7-8778-431B-92CE-7B95FD9E4A6A} = {8F9036B1-5106-4C69-B2D2-B78EE52687A0}
		{879FE766-A3E9-45E8-9DD6-56845AFDB03A} = {8F9036B1-5106-4C69-B2D2-B78EE52687A0}
		{02500294-426D-420B-A8EE-1BF718473B08} = {CC2067D7-1971-47BB-B491-5649EA3C18B2}
		{42D5438D-7236-4546-BE74-BD1EBC51745C} = {CC2067D7-1971-47BB-B491-5649EA3C18B2}
		{F6290815-D2C0-4AB4-AACE-ADA3E64ACA24} = {CC2067D7-1971-47BB-B491-5649EA3C18B2}
		{9E95048E-C0CD-4DAF-B00F-3E22BF6E2C81} = {BF745453-B940-470E-81BC-43FB67703D4E}
		{5D307C17-B5BA-4BAF-82D6-B9CC3CA7A911} = {BF745453-B940-470E-81BC-43FB67703D4E}
	EndGlobalSection
EndGlobal
